
Microsoft Visual Studio Solution File, Format Version 12.00
# Visual Studio Version 16
VisualStudioVersion = 16.0.30413.136
MinimumVisualStudioVersion = 10.0.40219.1
Project("{FAE04EC0-301F-11D3-BF4B-00C04F79EFBC}") = "ConsumirWebToken", "ConsumirWebToken\ConsumirWebToken.csproj", "{88784B57-8787-46C0-B4C8-9D858F39825E}"
EndProject
Global
	GlobalSection(SolutionConfigurationPlatforms) = preSolution
		Debug|Any CPU = Debug|Any CPU
		Release|Any CPU = Release|Any CPU
	EndGlobalSection
	GlobalSection(ProjectConfigurationPlatforms) = postSolution
		{88784B57-8787-46C0-B4C8-9D858F39825E}.Debug|Any CPU.ActiveCfg = Debug|Any CPU
		{88784B57-8787-46C0-B4C8-9D858F39825E}.Debug|Any CPU.Build.0 = Debug|Any CPU
		{88784B57-8787-46C0-B4C8-9D858F39825E}.Release|Any CPU.ActiveCfg = Release|Any CPU
		{88784B57-8787-46C0-B4C8-9D858F39825E}.Release|Any CPU.Build.0 = Release|Any CPU
	EndGlobalSection
	GlobalSection(SolutionProperties) = preSolution
		HideSolutionNode = FALSE
	EndGlobalSection
	GlobalSection(ExtensibilityGlobals) = postSolution
		SolutionGuid = {22A654FC-93E1-44A6-84D1-1E3F222FC48C}
	EndGlobalSection
EndGlobal
